
Microsoft Visual Studio Solution File, Format Version 12.00
# Visual Studio Version 16
VisualStudioVersion = 16.0.29519.87
MinimumVisualStudioVersion = 10.0.40219.1
Project("{9A19103F-16F7-4668-BE54-9A1E7A4F7556}") = "TVShowChecker", "Src\TVShowChecker\TVShowChecker.csproj", "{2136EB7B-B881-4D26-95A2-8C3FB1DE8AA4}"
EndProject
Project("{9A19103F-16F7-4668-BE54-9A1E7A4F7556}") = "TVShowChecker.Infrastructure", "Src\TVShowChecker.Infrastructure\TVShowChecker.Infrastructure.csproj", "{457F81F5-23DD-4DD6-A913-376B57B22737}"
EndProject
Project("{9A19103F-16F7-4668-BE54-9A1E7A4F7556}") = "TVShowChecker.Core", "Src\TVShowChecker.Core\TVShowChecker.Core.csproj", "{96EC83CE-DBC0-4B59-960C-71EA0CD87E0E}"
EndProject
Global
	GlobalSection(SolutionConfigurationPlatforms) = preSolution
		Debug|Any CPU = Debug|Any CPU
		Release|Any CPU = Release|Any CPU
	EndGlobalSection
	GlobalSection(ProjectConfigurationPlatforms) = postSolution
		{2136EB7B-B881-4D26-95A2-8C3FB1DE8AA4}.Debug|Any CPU.ActiveCfg = Debug|Any CPU
		{2136EB7B-B881-4D26-95A2-8C3FB1DE8AA4}.Debug|Any CPU.Build.0 = Debug|Any CPU
		{2136EB7B-B881-4D26-95A2-8C3FB1DE8AA4}.Release|Any CPU.ActiveCfg = Release|Any CPU
		{2136EB7B-B881-4D26-95A2-8C3FB1DE8AA4}.Release|Any CPU.Build.0 = Release|Any CPU
		{457F81F5-23DD-4DD6-A913-376B57B22737}.Debug|Any CPU.ActiveCfg = Debug|Any CPU
		{457F81F5-23DD-4DD6-A913-376B57B22737}.Debug|Any CPU.Build.0 = Debug|Any CPU
		{457F81F5-23DD-4DD6-A913-376B57B22737}.Release|Any CPU.ActiveCfg = Release|Any CPU
		{457F81F5-23DD-4DD6-A913-376B57B22737}.Release|Any CPU.Build.0 = Release|Any CPU
		{96EC83CE-DBC0-4B59-960C-71EA0CD87E0E}.Debug|Any CPU.ActiveCfg = Debug|Any CPU
		{96EC83CE-DBC0-4B59-960C-71EA0CD87E0E}.Debug|Any CPU.Build.0 = Debug|Any CPU
		{96EC83CE-DBC0-4B59-960C-71EA0CD87E0E}.Release|Any CPU.ActiveCfg = Release|Any CPU
		{96EC83CE-DBC0-4B59-960C-71EA0CD87E0E}.Release|Any CPU.Build.0 = Release|Any CPU
	EndGlobalSection
	GlobalSection(SolutionProperties) = preSolution
		HideSolutionNode = FALSE
	EndGlobalSection
	GlobalSection(ExtensibilityGlobals) = postSolution
		SolutionGuid = {DF38C365-2421-4F35-BB38-EC5912C90148}
	EndGlobalSection
EndGlobal
